// !$*UTF8*$!
{
	archiveVersion = 1;
	classes = {
	};
	objectVersion = 56;
	objects = {

/* Begin PBXBuildFile section */
		6B3787DC2909D0B900BF6B4D /* FacadeDesignPOCApp.swift in Sources */ = {isa = PBXBuildFile; fileRef = 6B3787DB2909D0B900BF6B4D /* FacadeDesignPOCApp.swift */; };
		6B3787DE2909D0B900BF6B4D /* ContentView.swift in Sources */ = {isa = PBXBuildFile; fileRef = 6B3787DD2909D0B900BF6B4D /* ContentView.swift */; };
		6B3787E02909D0BB00BF6B4D /* Assets.xcassets in Resources */ = {isa = PBXBuildFile; fileRef = 6B3787DF2909D0BB00BF6B4D /* Assets.xcassets */; };
		6B3787E32909D0BB00BF6B4D /* Preview Assets.xcassets in Resources */ = {isa = PBXBuildFile; fileRef = 6B3787E22909D0BB00BF6B4D /* Preview Assets.xcassets */; };
		6BEE4767290C83A900AEFBE1 /* GameSquare.swift in Sources */ = {isa = PBXBuildFile; fileRef = 6BEE4766290C83A900AEFBE1 /* GameSquare.swift */; };
		6BEE4769290C88F500AEFBE1 /* GameRow.swift in Sources */ = {isa = PBXBuildFile; fileRef = 6BEE4768290C88F500AEFBE1 /* GameRow.swift */; };
		6BEE476B290C8AFE00AEFBE1 /* GameBoard.swift in Sources */ = {isa = PBXBuildFile; fileRef = 6BEE476A290C8AFE00AEFBE1 /* GameBoard.swift */; };
		6BEE476E290C94E200AEFBE1 /* DoneSelect.swift in Sources */ = {isa = PBXBuildFile; fileRef = 6BEE476D290C94E200AEFBE1 /* DoneSelect.swift */; };
		6BEE4770290C98E700AEFBE1 /* Clear.swift in Sources */ = {isa = PBXBuildFile; fileRef = 6BEE476F290C98E700AEFBE1 /* Clear.swift */; };
/* End PBXBuildFile section */

/* Begin PBXFileReference section */
		6B3787D82909D0B900BF6B4D /* FacadeDesignPOC.app */ = {isa = PBXFileReference; explicitFileType = wrapper.application; includeInIndex = 0; path = FacadeDesignPOC.app; sourceTree = BUILT_PRODUCTS_DIR; };
		6B3787DB2909D0B900BF6B4D /* FacadeDesignPOCApp.swift */ = {isa = PBXFileReference; lastKnownFileType = sourcecode.swift; path = FacadeDesignPOCApp.swift; sourceTree = "<group>"; };
		6B3787DD2909D0B900BF6B4D /* ContentView.swift */ = {isa = PBXFileReference; lastKnownFileType = sourcecode.swift; path = ContentView.swift; sourceTree = "<group>"; };
		6B3787DF2909D0BB00BF6B4D /* Assets.xcassets */ = {isa = PBXFileReference; lastKnownFileType = folder.assetcatalog; path = Assets.xcassets; sourceTree = "<group>"; };
		6B3787E22909D0BB00BF6B4D /* Preview Assets.xcassets */ = {isa = PBXFileReference; lastKnownFileType = folder.assetcatalog; path = "Preview Assets.xcassets"; sourceTree = "<group>"; };
		6BEE4766290C83A900AEFBE1 /* GameSquare.swift */ = {isa = PBXFileReference; lastKnownFileType = sourcecode.swift; path = GameSquare.swift; sourceTree = "<group>"; };
		6BEE4768290C88F500AEFBE1 /* GameRow.swift */ = {isa = PBXFileReference; lastKnownFileType = sourcecode.swift; path = GameRow.swift; sourceTree = "<group>"; };
		6BEE476A290C8AFE00AEFBE1 /* GameBoard.swift */ = {isa = PBXFileReference; lastKnownFileType = sourcecode.swift; path = GameBoard.swift; sourceTree = "<group>"; };
		6BEE476D290C94E200AEFBE1 /* DoneSelect.swift */ = {isa = PBXFileReference; lastKnownFileType = sourcecode.swift; path = DoneSelect.swift; sourceTree = "<group>"; };
		6BEE476F290C98E700AEFBE1 /* Clear.swift */ = {isa = PBXFileReference; lastKnownFileType = sourcecode.swift; path = Clear.swift; sourceTree = "<group>"; };
/* End PBXFileReference section */

/* Begin PBXFrameworksBuildPhase section */
		6B3787D52909D0B900BF6B4D /* Frameworks */ = {
			isa = PBXFrameworksBuildPhase;
			buildActionMask = 2147483647;
			files = (
			);
			runOnlyForDeploymentPostprocessing = 0;
		};
/* End PBXFrameworksBuildPhase section */

/* Begin PBXGroup section */
		6B3787CF2909D0B900BF6B4D = {
			isa = PBXGroup;
			children = (
				6B3787DA2909D0B900BF6B4D /* FacadeDesignPOC */,
				6B3787D92909D0B900BF6B4D /* Products */,
			);
			sourceTree = "<group>";
		};
		6B3787D92909D0B900BF6B4D /* Products */ = {
			isa = PBXGroup;
			children = (
				6B3787D82909D0B900BF6B4D /* FacadeDesignPOC.app */,
			);
			name = Products;
			sourceTree = "<group>";
		};
		6B3787DA2909D0B900BF6B4D /* FacadeDesignPOC */ = {
			isa = PBXGroup;
			children = (
				6BEE476C290C8C9500AEFBE1 /* SwiftUI Views */,
				6B3787DB2909D0B900BF6B4D /* FacadeDesignPOCApp.swift */,
				6B3787DD2909D0B900BF6B4D /* ContentView.swift */,
				6B3787DF2909D0BB00BF6B4D /* Assets.xcassets */,
				6B3787E12909D0BB00BF6B4D /* Preview Content */,
			);
			path = FacadeDesignPOC;
			sourceTree = "<group>";
		};
		6B3787E12909D0BB00BF6B4D /* Preview Content */ = {
			isa = PBXGroup;
			children = (
				6B3787E22909D0BB00BF6B4D /* Preview Assets.xcassets */,
			);
			path = "Preview Content";
			sourceTree = "<group>";
		};
		6BEE476C290C8C9500AEFBE1 /* SwiftUI Views */ = {
			isa = PBXGroup;
			children = (
				6BEE4766290C83A900AEFBE1 /* GameSquare.swift */,
				6BEE4768290C88F500AEFBE1 /* GameRow.swift */,
				6BEE476A290C8AFE00AEFBE1 /* GameBoard.swift */,
				6BEE476D290C94E200AEFBE1 /* DoneSelect.swift */,
				6BEE476F290C98E700AEFBE1 /* Clear.swift */,
			);
			path = "SwiftUI Views";
			sourceTree = "<group>";
		};
/* End PBXGroup section */

/* Begin PBXNativeTarget section */
		6B3787D72909D0B900BF6B4D /* FacadeDesignPOC */ = {
			isa = PBXNativeTarget;
			buildConfigurationList = 6B3787E62909D0BB00BF6B4D /* Build configuration list for PBXNativeTarget "FacadeDesignPOC" */;
			buildPhases = (
				6B3787D42909D0B900BF6B4D /* Sources */,
				6B3787D52909D0B900BF6B4D /* Frameworks */,
				6B3787D62909D0B900BF6B4D /* Resources */,
			);
			buildRules = (
			);
			dependencies = (
			);
			name = FacadeDesignPOC;
			productName = FacadeDesignPOC;
			productReference = 6B3787D82909D0B900BF6B4D /* FacadeDesignPOC.app */;
			productType = "com.apple.product-type.application";
		};
/* End PBXNativeTarget section */

/* Begin PBXProject section */
		6B3787D02909D0B900BF6B4D /* Project object */ = {
			isa = PBXProject;
			attributes = {
				BuildIndependentTargetsInParallel = 1;
				LastSwiftUpdateCheck = 1400;
				LastUpgradeCheck = 1400;
				TargetAttributes = {
					6B3787D72909D0B900BF6B4D = {
						CreatedOnToolsVersion = 14.0.1;
					};
				};
			};
			buildConfigurationList = 6B3787D32909D0B900BF6B4D /* Build configuration list for PBXProject "FacadeDesignPOC" */;
			compatibilityVersion = "Xcode 14.0";
			developmentRegion = en;
			hasScannedForEncodings = 0;
			knownRegions = (
				en,
				Base,
			);
			mainGroup = 6B3787CF2909D0B900BF6B4D;
			productRefGroup = 6B3787D92909D0B900BF6B4D /* Products */;
			projectDirPath = "";
			projectRoot = "";
			targets = (
				6B3787D72909D0B900BF6B4D /* FacadeDesignPOC */,
			);
		};
/* End PBXProject section */

/* Begin PBXResourcesBuildPhase section */
		6B3787D62909D0B900BF6B4D /* Resources */ = {
			isa = PBXResourcesBuildPhase;
			buildActionMask = 2147483647;
			files = (
				6B3787E32909D0BB00BF6B4D /* Preview Assets.xcassets in Resources */,
				6B3787E02909D0BB00BF6B4D /* Assets.xcassets in Resources */,
			);
			runOnlyForDeploymentPostprocessing = 0;
		};
/* End PBXResourcesBuildPhase section */

/* Begin PBXSourcesBuildPhase section */
		6B3787D42909D0B900BF6B4D /* Sources */ = {
			isa = PBXSourcesBuildPhase;
			buildActionMask = 2147483647;
			files = (
				6B3787DE2909D0B900BF6B4D /* ContentView.swift in Sources */,
				6BEE4767290C83A900AEFBE1 /* GameSquare.swift in Sources */,
				6BEE476B290C8AFE00AEFBE1 /* GameBoard.swift in Sources */,
				6BEE476E290C94E200AEFBE1 /* DoneSelect.swift in Sources */,
				6BEE4770290C98E700AEFBE1 /* Clear.swift in Sources */,
				6BEE4769290C88F500AEFBE1 /* GameRow.swift in Sources */,
				6B3787DC2909D0B900BF6B4D /* FacadeDesignPOCApp.swift in Sources */,
			);
			runOnlyForDeploymentPostprocessing = 0;
		};
/* End PBXSourcesBuildPhase section */

/* Begin XCBuildConfiguration section */
		6B3787E42909D0BB00BF6B4D /* Debug */ = {
			isa = XCBuildConfiguration;
			buildSettings = {
				ALWAYS_SEARCH_USER_PATHS = NO;
				CLANG_ANALYZER_NONNULL = YES;
				CLANG_ANALYZER_NUMBER_OBJECT_CONVERSION = YES_AGGRESSIVE;
				CLANG_CXX_LANGUAGE_STANDARD = "gnu++20";
				CLANG_ENABLE_MODULES = YES;
				CLANG_ENABLE_OBJC_ARC = YES;
				CLANG_ENABLE_OBJC_WEAK = YES;
				CLANG_WARN_BLOCK_CAPTURE_AUTORELEASING = YES;
				CLANG_WARN_BOOL_CONVERSION = YES;
				CLANG_WARN_COMMA = YES;
				CLANG_WARN_CONSTANT_CONVERSION = YES;
				CLANG_WARN_DEPRECATED_OBJC_IMPLEMENTATIONS = YES;
				CLANG_WARN_DIRECT_OBJC_ISA_USAGE = YES_ERROR;
				CLANG_WARN_DOCUMENTATION_COMMENTS = YES;
				CLANG_WARN_EMPTY_BODY = YES;
				CLANG_WARN_ENUM_CONVERSION = YES;
				CLANG_WARN_INFINITE_RECURSION = YES;
				CLANG_WARN_INT_CONVERSION = YES;
				CLANG_WARN_NON_LITERAL_NULL_CONVERSION = YES;
				CLANG_WARN_OBJC_IMPLICIT_RETAIN_SELF = YES;
				CLANG_WARN_OBJC_LITERAL_CONVERSION = YES;
				CLANG_WARN_OBJC_ROOT_CLASS = YES_ERROR;
				CLANG_WARN_QUOTED_INCLUDE_IN_FRAMEWORK_HEADER = YES;
				CLANG_WARN_RANGE_LOOP_ANALYSIS = YES;
				CLANG_WARN_STRICT_PROTOTYPES = YES;
				CLANG_WARN_SUSPICIOUS_MOVE = YES;
				CLANG_WARN_UNGUARDED_AVAILABILITY = YES_AGGRESSIVE;
				CLANG_WARN_UNREACHABLE_CODE = YES;
				CLANG_WARN__DUPLICATE_METHOD_MATCH = YES;
				COPY_PHASE_STRIP = NO;
				DEBUG_INFORMATION_FORMAT = dwarf;
				ENABLE_STRICT_OBJC_MSGSEND = YES;
				ENABLE_TESTABILITY = YES;
				GCC_C_LANGUAGE_STANDARD = gnu11;
				GCC_DYNAMIC_NO_PIC = NO;
				GCC_NO_COMMON_BLOCKS = YES;
				GCC_OPTIMIZATION_LEVEL = 0;
				GCC_PREPROCESSOR_DEFINITIONS = (
					"DEBUG=1",
					"$(inherited)",
				);
				GCC_WARN_64_TO_32_BIT_CONVERSION = YES;
				GCC_WARN_ABOUT_RETURN_TYPE = YES_ERROR;
				GCC_WARN_UNDECLARED_SELECTOR = YES;
				GCC_WARN_UNINITIALIZED_AUTOS = YES_AGGRESSIVE;
				GCC_WARN_UNUSED_FUNCTION = YES;
				GCC_WARN_UNUSED_VARIABLE = YES;
				IPHONEOS_DEPLOYMENT_TARGET = 16.0;
				MTL_ENABLE_DEBUG_INFO = INCLUDE_SOURCE;
				MTL_FAST_MATH = YES;
				ONLY_ACTIVE_ARCH = YES;
				SDKROOT = iphoneos;
				SWIFT_ACTIVE_COMPILATION_CONDITIONS = DEBUG;
				SWIFT_OPTIMIZATION_LEVEL = "-Onone";
			};
			name = Debug;
		};
		6B3787E52909D0BB00BF6B4D /* Release */ = {
			isa = XCBuildConfiguration;
			buildSettings = {
				ALWAYS_SEARCH_USER_PATHS = NO;
				CLANG_ANALYZER_NONNULL = YES;
				CLANG_ANALYZER_NUMBER_OBJECT_CONVERSION = YES_AGGRESSIVE;
				CLANG_CXX_LANGUAGE_STANDARD = "gnu++20";
				CLANG_ENABLE_MODULES = YES;
				CLANG_ENABLE_OBJC_ARC = YES;
				CLANG_ENABLE_OBJC_WEAK = YES;
				CLANG_WARN_BLOCK_CAPTURE_AUTORELEASING = YES;
				CLANG_WARN_BOOL_CONVERSION = YES;
				CLANG_WARN_COMMA = YES;
				CLANG_WARN_CONSTANT_CONVERSION = YES;
				CLANG_WARN_DEPRECATED_OBJC_IMPLEMENTATIONS = YES;
				CLANG_WARN_DIRECT_OBJC_ISA_USAGE = YES_ERROR;
				CLANG_WARN_DOCUMENTATION_COMMENTS = YES;
				CLANG_WARN_EMPTY_BODY = YES;
				CLANG_WARN_ENUM_CONVERSION = YES;
				CLANG_WARN_INFINITE_RECURSION = YES;
				CLANG_WARN_INT_CONVERSION = YES;
				CLANG_WARN_NON_LITERAL_NULL_CONVERSION = YES;
				CLANG_WARN_OBJC_IMPLICIT_RETAIN_SELF = YES;
				CLANG_WARN_OBJC_LITERAL_CONVERSION = YES;
				CLANG_WARN_OBJC_ROOT_CLASS = YES_ERROR;
				CLANG_WARN_QUOTED_INCLUDE_IN_FRAMEWORK_HEADER = YES;
				CLANG_WARN_RANGE_LOOP_ANALYSIS = YES;
				CLANG_WARN_STRICT_PROTOTYPES = YES;
				CLANG_WARN_SUSPICIOUS_MOVE = YES;
				CLANG_WARN_UNGUARDED_AVAILABILITY = YES_AGGRESSIVE;
				CLANG_WARN_UNREACHABLE_CODE = YES;
				CLANG_WARN__DUPLICATE_METHOD_MATCH = YES;
				COPY_PHASE_STRIP = NO;
				DEBUG_INFORMATION_FORMAT = "dwarf-with-dsym";
				ENABLE_NS_ASSERTIONS = NO;
				ENABLE_STRICT_OBJC_MSGSEND = YES;
				GCC_C_LANGUAGE_STANDARD = gnu11;
				GCC_NO_COMMON_BLOCKS = YES;
				GCC_WARN_64_TO_32_BIT_CONVERSION = YES;
				GCC_WARN_ABOUT_RETURN_TYPE = YES_ERROR;
				GCC_WARN_UNDECLARED_SELECTOR = YES;
				GCC_WARN_UNINITIALIZED_AUTOS = YES_AGGRESSIVE;
				GCC_WARN_UNUSED_FUNCTION = YES;
				GCC_WARN_UNUSED_VARIABLE = YES;
				IPHONEOS_DEPLOYMENT_TARGET = 16.0;
				MTL_ENABLE_DEBUG_INFO = NO;
				MTL_FAST_MATH = YES;
				SDKROOT = iphoneos;
				SWIFT_COMPILATION_MODE = wholemodule;
				SWIFT_OPTIMIZATION_LEVEL = "-O";
				VALIDATE_PRODUCT = YES;
			};
			name = Release;
		};
		6B3787E72909D0BB00BF6B4D /* Debug */ = {
			isa = XCBuildConfiguration;
			buildSettings = {
				ASSETCATALOG_COMPILER_APPICON_NAME = AppIcon;
				ASSETCATALOG_COMPILER_GLOBAL_ACCENT_COLOR_NAME = AccentColor;
				CODE_SIGN_STYLE = Automatic;
				CURRENT_PROJECT_VERSION = 1;
				DEVELOPMENT_ASSET_PATHS = "\"FacadeDesignPOC/Preview Content\"";
				DEVELOPMENT_TEAM = 6Q3FEB8X8T;
				ENABLE_PREVIEWS = YES;
				GENERATE_INFOPLIST_FILE = YES;
				INFOPLIST_KEY_UIApplicationSceneManifest_Generation = YES;
				INFOPLIST_KEY_UIApplicationSupportsIndirectInputEvents = YES;
				INFOPLIST_KEY_UILaunchScreen_Generation = YES;
				INFOPLIST_KEY_UISupportedInterfaceOrientations_iPad = "UIInterfaceOrientationPortrait UIInterfaceOrientationPortraitUpsideDown UIInterfaceOrientationLandscapeLeft UIInterfaceOrientationLandscapeRight";
				INFOPLIST_KEY_UISupportedInterfaceOrientations_iPhone = "UIInterfaceOrientationPortrait UIInterfaceOrientationLandscapeLeft UIInterfaceOrientationLandscapeRight";
				LD_RUNPATH_SEARCH_PATHS = (
					"$(inherited)",
					"@executable_path/Frameworks",
				);
				MARKETING_VERSION = 1.0;
				PRODUCT_BUNDLE_IDENTIFIER = "Jonathon-Lannon.FacadeDesignPOC";
				PRODUCT_NAME = "$(TARGET_NAME)";
				SWIFT_EMIT_LOC_STRINGS = YES;
				SWIFT_VERSION = 5.0;
				TARGETED_DEVICE_FAMILY = "1,2";
			};
			name = Debug;
		};
		6B3787E82909D0BB00BF6B4D /* Release */ = {
			isa = XCBuildConfiguration;
			buildSettings = {
				ASSETCATALOG_COMPILER_APPICON_NAME = AppIcon;
				ASSETCATALOG_COMPILER_GLOBAL_ACCENT_COLOR_NAME = AccentColor;
				CODE_SIGN_STYLE = Automatic;
				CURRENT_PROJECT_VERSION = 1;
				DEVELOPMENT_ASSET_PATHS = "\"FacadeDesignPOC/Preview Content\"";
				DEVELOPMENT_TEAM = 6Q3FEB8X8T;
				ENABLE_PREVIEWS = YES;
				GENERATE_INFOPLIST_FILE = YES;
				INFOPLIST_KEY_UIApplicationSceneManifest_Generation = YES;
				INFOPLIST_KEY_UIApplicationSupportsIndirectInputEvents = YES;
				INFOPLIST_KEY_UILaunchScreen_Generation = YES;
				INFOPLIST_KEY_UISupportedInterfaceOrientations_iPad = "UIInterfaceOrientationPortrait UIInterfaceOrientationPortraitUpsideDown UIInterfaceOrientationLandscapeLeft UIInterfaceOrientationLandscapeRight";
				INFOPLIST_KEY_UISupportedInterfaceOrientations_iPhone = "UIInterfaceOrientationPortrait UIInterfaceOrientationLandscapeLeft UIInterfaceOrientationLandscapeRight";
				LD_RUNPATH_SEARCH_PATHS = (
					"$(inherited)",
					"@executable_path/Frameworks",
				);
				MARKETING_VERSION = 1.0;
				PRODUCT_BUNDLE_IDENTIFIER = "Jonathon-Lannon.FacadeDesignPOC";
				PRODUCT_NAME = "$(TARGET_NAME)";
				SWIFT_EMIT_LOC_STRINGS = YES;
				SWIFT_VERSION = 5.0;
				TARGETED_DEVICE_FAMILY = "1,2";
			};
			name = Release;
		};
/* End XCBuildConfiguration section */

/* Begin XCConfigurationList section */
		6B3787D32909D0B900BF6B4D /* Build configuration list for PBXProject "FacadeDesignPOC" */ = {
			isa = XCConfigurationList;
			buildConfigurations = (
				6B3787E42909D0BB00BF6B4D /* Debug */,
				6B3787E52909D0BB00BF6B4D /* Release */,
			);
			defaultConfigurationIsVisible = 0;
			defaultConfigurationName = Release;
		};
		6B3787E62909D0BB00BF6B4D /* Build configuration list for PBXNativeTarget "FacadeDesignPOC" */ = {
			isa = XCConfigurationList;
			buildConfigurations = (
				6B3787E72909D0BB00BF6B4D /* Debug */,
				6B3787E82909D0BB00BF6B4D /* Release */,
			);
			defaultConfigurationIsVisible = 0;
			defaultConfigurationName = Release;
		};
/* End XCConfigurationList section */
	};
	rootObject = 6B3787D02909D0B900BF6B4D /* Project object */;
}
